{
  "name": "slp-parser",
  "lockfileVersion": 3,
  "requires": true,
  "packages": {
    "": {
      "dependencies": {
        "@slippi/slippi-js": "^9.1.2",
        "@slippilab/viewer": "^0.0.4",
        "adm-zip": "^0.6.0"
      },
      "devDependencies": {
        "@types/adm-zip": "^0.5.8",
        "@types/node": "^26.1.0",
        "tsx": "^4.23.0",
        "typescript": "^6.0.3"
      }
    },
    "node_modules/@esbuild/aix-ppc64": {
      "version": "0.28.1",
      "resolved": "https://registry.npmjs.org/@esbuild/aix-ppc64/-/aix-ppc64-0.28.1.tgz",
      "integrity": "sha512-Svl7tq8k/08+p6CXPpRjQ1fKX+1odH/BQbb48fV6fj3CWHhsoIOoY87w1oHXm0qEpkIK3ZfVgp0hed3XBXzXMQ==",
      "cpu": [
        "ppc64"
      ],
      "dev": true,
      "license": "MIT",
      "optional": true,
      "os": [
        "aix"
      ],
      "engines": {
        "node": ">=18"
      }
    },
    "node_modules/@esbuild/android-arm": {
      "version": "0.28.1",
      "resolved": "https://registry.npmjs.org/@esbuild/android-arm/-/android-arm-0.28.1.tgz",
      "integrity": "sha512-0k2F129Xdio1TdJfzJ8sy1Q47vUD2NnwdhiAf7drUN1EBTfPf4hsFCtmMgu/6m8JSzsBrlmVjudMBQqOfG8usQ==",
      "cpu": [
        "arm"
      ],
      "dev": true,
      "license": "MIT",
      "optional": true,
      "os": [
        "android"
      ],
      "engines": {
        "node": ">=18"
      }
    },
    "node_modules/@esbuild/android-arm64": {
      "version": "0.28.1",
      "resolved": "https://registry.npmjs.org/@esbuild/android-arm64/-/android-arm64-0.28.1.tgz",
      "integrity": "sha512-34EGEbCIAgosYz6goLcopX6Mo7NyGv9tfwEM2/7Ce2VcVRk568iSvniGWcUXIy7wEDR1wzolcxcriFVrWYcwBg==",
      "cpu": [
        "arm64"
      ],
      "dev": true,
      "license": "MIT",
      "optional": true,
      "os": [
        "android"
      ],
      "engines": {
        "node": ">=18"
      }
    },
    "node_modules/@esbuild/android-x64": {
      "version": "0.28.1",
      "resolved": "https://registry.npmjs.org/@esbuild/android-x64/-/android-x64-0.28.1.tgz",
      "integrity": "sha512-dbwY7ltSMDWsRatcRpCnES4F+im88OCUgGZjy52shC7GqHRE/cYlxNbB4Z4UpJswpcc4Qxd2oE/ufM0p61IKng==",
      "cpu": [
        "x64"
      ],
      "dev": true,
      "license": "MIT",
      "optional": true,
      "os": [
        "android"
      ],
      "engines": {
        "node": ">=18"
      }
    },
    "node_modules/@esbuild/darwin-arm64": {
      "version": "0.28.1",
      "resolved": "https://registry.npmjs.org/@esbuild/darwin-arm64/-/darwin-arm64-0.28.1.tgz",
      "integrity": "sha512-TZbWkQY7kvTAXbXUT7uVACR5cMHsDiSz9z7ZKAX/RTq/WJEk3QyRr0wZpNhBDX+/0CtdqUIJlOiodQcta6tY3Q==",
      "cpu": [
        "arm64"
      ],
      "dev": true,
      "license": "MIT",
      "optional": true,
      "os": [
        "darwin"
      ],
      "engines": {
        "node": ">=18"
      }
    },
    "node_modules/@esbuild/darwin-x64": {
      "version": "0.28.1",
      "resolved": "https://registry.npmjs.org/@esbuild/darwin-x64/-/darwin-x64-0.28.1.tgz",
      "integrity": "sha512-zfdzgK9ACBNZLI/CyHTOx81SyNbM6YXn7rxSgX97VjyiPl9W1i4Ka4fgKECEoFCKGpvBj5qArWIGgQjOwkgskQ==",
      "cpu": [
        "x64"
      ],
      "dev": true,
      "license": "MIT",
      "optional": true,
      "os": [
        "darwin"
      ],
      "engines": {
        "node": ">=18"
      }
    },
    "node_modules/@esbuild/freebsd-arm64": {
      "version": "0.28.1",
      "resolved": "https://registry.npmjs.org/@esbuild/freebsd-arm64/-/freebsd-arm64-0.28.1.tgz",
      "integrity": "sha512-wG2EA8ENdEI0qhkSZMjfqrdY+ziCYCPMmtZjjIwOmXFjmyzEHn+UUxk5of+SYsjtfs3VpnlC7QLzSI5hY/rOAw==",
      "cpu": [
        "arm64"
      ],
      "dev": true,
      "license": "MIT",
      "optional": true,
      "os": [
        "freebsd"
      ],
      "engines": {
        "node": ">=18"
      }
    },
    "node_modules/@esbuild/freebsd-x64": {
      "version": "0.28.1",
      "resolved": "https://registry.npmjs.org/@esbuild/freebsd-x64/-/freebsd-x64-0.28.1.tgz",
      "integrity": "sha512-i7dZ9vQgnvSCzi/rYCXNgtF/U+eKZNJBzu3eTQbRgHnM7tNSizLOkRFAl3qzVc/Op/u5YkHHa4pf/3DOYHthLQ==",
      "cpu": [
        "x64"
      ],
      "dev": true,
      "license": "MIT",
      "optional": true,
      "os": [
        "freebsd"
      ],
      "engines": {
        "node": ">=18"
      }
    },
    "node_modules/@esbuild/linux-arm": {
      "version": "0.28.1",
      "resolved": "https://registry.npmjs.org/@esbuild/linux-arm/-/linux-arm-0.28.1.tgz",
      "integrity": "sha512-qVXBOHQS+d5Y722GwJzJUtOLlX7km3CraOaGormF1pDtPd2C/l1SHRPgjLunLGe51Sh5YYWKMFDyV4SxgMQYTQ==",
      "cpu": [
        "arm"
      ],
      "dev": true,
      "license": "MIT",
      "optional": true,
      "os": [
        "linux"
      ],
      "engines": {
        "node": ">=18"
      }
    },
    "node_modules/@esbuild/linux-arm64": {
      "version": "0.28.1",
      "resolved": "https://registry.npmjs.org/@esbuild/linux-arm64/-/linux-arm64-0.28.1.tgz",
      "integrity": "sha512-yHs+0uc8+nvEAfAfxrWQKK5peSNzBc4PegcMO0EJ2hT71uA7vB8Ihg2e77R2P7SG5uYjPbHlLLmve4LLLRCf0g==",
      "cpu": [
        "arm64"
      ],
      "dev": true,
      "license": "MIT",
      "optional": true,
      "os": [
        "linux"
      ],
      "engines": {
        "node": ">=18"
      }
    },
    "node_modules/@esbuild/linux-ia32": {
      "version": "0.28.1",
      "resolved": "https://registry.npmjs.org/@esbuild/linux-ia32/-/linux-ia32-0.28.1.tgz",
      "integrity": "sha512-d1z4ZuP0ajrfz/FhGT4vv278rX8KnPPJx8i5+AtK7TYbx9Le9F1hyzurZpkEyjkGa9dUGhQow4C1NmeGvqxN2w==",
      "cpu": [
        "ia32"
      ],
      "dev": true,
      "license": "MIT",
      "optional": true,
      "os": [
        "linux"
      ],
      "engines": {
        "node": ">=18"
      }
    },
    "node_modules/@esbuild/linux-loong64": {
      "version": "0.28.1",
      "resolved": "https://registry.npmjs.org/@esbuild/linux-loong64/-/linux-loong64-0.28.1.tgz",
      "integrity": "sha512-M5sRjUVZrkm1OAPR3dlOYzNmN+loZKGVi1VUQGrwuqLcbR6qeAz+famMhjASeH3YVKvZz+zT1jlh/keC3Rj/lg==",
      "cpu": [
        "loong64"
      ],
      "dev": true,
      "license": "MIT",
      "optional": true,
      "os": [
        "linux"
      ],
      "engines": {
        "node": ">=18"
      }
    },
    "node_modules/@esbuild/linux-mips64el": {
      "version": "0.28.1",
      "resolved": "https://registry.npmjs.org/@esbuild/linux-mips64el/-/linux-mips64el-0.28.1.tgz",
      "integrity": "sha512-mRObBZeHh2OxcBFPWE/FjylkRgZdYuiTR3vaTozquCGOH14iP9oN4x4Ge81CoIDYQrXmIxpFumJBu5MtZpnQJQ==",
      "cpu": [
        "mips64el"
      ],
      "dev": true,
      "license": "MIT",
      "optional": true,
      "os": [
        "linux"
      ],
      "engines": {
        "node": ">=18"
      }
    },
    "node_modules/@esbuild/linux-ppc64": {
      "version": "0.28.1",
      "resolved": "https://registry.npmjs.org/@esbuild/linux-ppc64/-/linux-ppc64-0.28.1.tgz",
      "integrity": "sha512-slScBsMAb3GFDcdrCgLwZtPYRoH2H/youv10QiZyRjmsP48fznoveWytSgCI/R0ZcUgpc0ZhIUEx6LHts8yrfQ==",
      "cpu": [
        "ppc64"
      ],
      "dev": true,
      "license": "MIT",
      "optional": true,
      "os": [
        "linux"
      ],
      "engines": {
        "node": ">=18"
      }
    },
    "node_modules/@esbuild/linux-riscv64": {
      "version": "0.28.1",
      "resolved": "https://registry.npmjs.org/@esbuild/linux-riscv64/-/linux-riscv64-0.28.1.tgz",
      "integrity": "sha512-kw0owk1o0GFETUJyW0jc0G4Yzs0BHZn0JDZ8JRT088vjJYX777BAs1fDGxAC+q831qOs2DTC96mNsG2opdfyyQ==",
      "cpu": [
        "riscv64"
      ],
      "dev": true,
      "license": "MIT",
      "optional": true,
      "os": [
        "linux"
      ],
      "engines": {
        "node": ">=18"
      }
    },
    "node_modules/@esbuild/linux-s390x": {
      "version": "0.28.1",
      "resolved": "https://registry.npmjs.org/@esbuild/linux-s390x/-/linux-s390x-0.28.1.tgz",
      "integrity": "sha512-/lAIjX8aYFRByhh6L5rYtPEDRqa9de/4V/juOXcta5frjvzXO4/sqEtyytse0g3zZFuWu5cDN0MkLz2qRDD2Ag==",
      "cpu": [
        "s390x"
      ],
      "dev": true,
      "license": "MIT",
      "optional": true,
      "os": [
        "linux"
      ],
      "engines": {
        "node": ">=18"
      }
    },
    "node_modules/@esbuild/linux-x64": {
      "version": "0.28.1",
      "resolved": "https://registry.npmjs.org/@esbuild/linux-x64/-/linux-x64-0.28.1.tgz",
      "integrity": "sha512-u/anNYF2mmVOEDwLtnQ1wOr3EZ9sTNGLWrsYGYwHWzGA3Si84IOkHXlbWTD1NB+9/1lcnweYKO54uhxZydNzfA==",
      "cpu": [
        "x64"
      ],
      "dev": true,
      "license": "MIT",
      "optional": true,
      "os": [
        "linux"
      ],
      "engines": {
        "node": ">=18"
      }
    },
    "node_modules/@esbuild/netbsd-arm64": {
      "version": "0.28.1",
      "resolved": "https://registry.npmjs.org/@esbuild/netbsd-arm64/-/netbsd-arm64-0.28.1.tgz",
      "integrity": "sha512-oks0DYbLwWMmaakTsCb+zL4E+aHRVLom9IJZOAthMQEPiQmydXHkziYEsGYRx0uNV/IjEKGAV941JzH02pflqw==",
      "cpu": [
        "arm64"
      ],
      "dev": true,
      "license": "MIT",
      "optional": true,
      "os": [
        "netbsd"
      ],
      "engines": {
        "node": ">=18"
      }
    },
    "node_modules/@esbuild/netbsd-x64": {
      "version": "0.28.1",
      "resolved": "https://registry.npmjs.org/@esbuild/netbsd-x64/-/netbsd-x64-0.28.1.tgz",
      "integrity": "sha512-aeL6lAnN89Hz43Mlh1G8ARasbuoYvSITDEx0tHh5b7jJnHcssqgjy9Yx430GDpmCa6OyrKoS0aNRjKundRizGg==",
      "cpu": [
        "x64"
      ],
      "dev": true,
      "license": "MIT",
      "optional": true,
      "os": [
        "netbsd"
      ],
      "engines": {
        "node": ">=18"
      }
    },
    "node_modules/@esbuild/openbsd-arm64": {
      "version": "0.28.1",
      "resolved": "https://registry.npmjs.org/@esbuild/openbsd-arm64/-/openbsd-arm64-0.28.1.tgz",
      "integrity": "sha512-MEFJe5C3R8pwXdZ5Y21oo6m7ePiS0d9pWucn99O/wvyJZChoIQKrQDxKrGeW8F5+T0okTHesAmDeiHDTIq0V/Q==",
      "cpu": [
        "arm64"
      ],
      "dev": true,
      "license": "MIT",
      "optional": true,
      "os": [
        "openbsd"
      ],
      "engines": {
        "node": ">=18"
      }
    },
    "node_modules/@esbuild/openbsd-x64": {
      "version": "0.28.1",
      "resolved": "https://registry.npmjs.org/@esbuild/openbsd-x64/-/openbsd-x64-0.28.1.tgz",
      "integrity": "sha512-i/ZLIOafE0Z8cI/XANJAixoJL/uRAoS2xOA3rb0xN+KK0K177cMAsQYkzHtBrtMXAKuAc7HGgcWiZ/sRC1Nxgw==",
      "cpu": [
        "x64"
      ],
      "dev": true,
      "license": "MIT",
      "optional": true,
      "os": [
        "openbsd"
      ],
      "engines": {
        "node": ">=18"
      }
    },
    "node_modules/@esbuild/openharmony-arm64": {
      "version": "0.28.1",
      "resolved": "https://registry.npmjs.org/@esbuild/openharmony-arm64/-/openharmony-arm64-0.28.1.tgz",
      "integrity": "sha512-ge+Z7EXFNt2BO1oAMsVpiQ8EwndV9i1xXerAeTIK7AtPs3bKFXQM7nlRxDSIUIMeueR1CNXxqztLzdNeReKBJg==",
      "cpu": [
        "arm64"
      ],
      "dev": true,
      "license": "MIT",
      "optional": true,
      "os": [
        "openharmony"
      ],
      "engines": {
        "node": ">=18"
      }
    },
    "node_modules/@esbuild/sunos-x64": {
      "version": "0.28.1",
      "resolved": "https://registry.npmjs.org/@esbuild/sunos-x64/-/sunos-x64-0.28.1.tgz",
      "integrity": "sha512-BEjgtECkL3vY+SaSQ6nzVfiALUeFxpawyp8Jmf5PtYhf1Ug40N1h/hxlhts+f1FvSvarEigdxS3BlSMI2PJLcQ==",
      "cpu": [
        "x64"
      ],
      "dev": true,
      "license": "MIT",
      "optional": true,
      "os": [
        "sunos"
      ],
      "engines": {
        "node": ">=18"
      }
    },
    "node_modules/@esbuild/win32-arm64": {
      "version": "0.28.1",
      "resolved": "https://registry.npmjs.org/@esbuild/win32-arm64/-/win32-arm64-0.28.1.tgz",
      "integrity": "sha512-lCv9eK/H6ZJWbE7bh2nw54CZ9M2nupBxJcTsdk/QQnWkdSjKGuxmmH8/GWrlT1eMmZfn4dGcCjRte397WqfQXA==",
      "cpu": [
        "arm64"
      ],
      "dev": true,
      "license": "MIT",
      "optional": true,
      "os": [
        "win32"
      ],
      "engines": {
        "node": ">=18"
      }
    },
    "node_modules/@esbuild/win32-ia32": {
      "version": "0.28.1",
      "resolved": "https://registry.npmjs.org/@esbuild/win32-ia32/-/win32-ia32-0.28.1.tgz",
      "integrity": "sha512-zvb/mB2bSCoJOpoCBgYKKpX6YM6mJBlBUVUtVj41DlZJVEB6/0CKlRYxP5wWl1C1ILiCoAU5wZZ4q1P3qeS6Eg==",
      "cpu": [
        "ia32"
      ],
      "dev": true,
      "license": "MIT",
      "optional": true,
      "os": [
        "win32"
      ],
      "engines": {
        "node": ">=18"
      }
    },
    "node_modules/@esbuild/win32-x64": {
      "version": "0.28.1",
      "resolved": "https://registry.npmjs.org/@esbuild/win32-x64/-/win32-x64-0.28.1.tgz",
      "integrity": "sha512-bm4Mowrv+GXMlpWX++EcXw/iLyd1o3+bJkC2DkWXYVvgZCqD/bSj9ctZeAMC3cIxgjRVR2Dufaiu4YPxr5gW1A==",
      "cpu": [
        "x64"
      ],
      "dev": true,
      "license": "MIT",
      "optional": true,
      "os": [
        "win32"
      ],
      "engines": {
        "node": ">=18"
      }
    },
    "node_modules/@internationalized/number": {
      "version": "3.6.7",
      "resolved": "https://registry.npmjs.org/@internationalized/number/-/number-3.6.7.tgz",
      "integrity": "sha512-3ji1fcrT+FPAK86UqEhB/psHixYo6niWPJtt7+qRaYFynt/BaJG8GhAPimtWUpEiVSTq8ZM8L5psMxGquiB/Vg==",
      "license": "Apache-2.0",
      "dependencies": {
        "@swc/helpers": "^0.5.0"
      }
    },
    "node_modules/@lit-labs/ssr-dom-shim": {
      "version": "1.6.0",
      "resolved": "https://registry.npmjs.org/@lit-labs/ssr-dom-shim/-/ssr-dom-shim-1.6.0.tgz",
      "integrity": "sha512-VHb0ALPMTlgKjM6yIxxoQNnpKyUKLD04VzeQdsiXkMqkvYlAHxq9glGLmgbb889/1GsohSOAjvQYoiBppXFqrQ==",
      "license": "BSD-3-Clause"
    },
    "node_modules/@lit/reactive-element": {
      "version": "1.6.3",
      "resolved": "https://registry.npmjs.org/@lit/reactive-element/-/reactive-element-1.6.3.tgz",
      "integrity": "sha512-QuTgnG52Poic7uM1AN5yJ09QMe0O28e10XzSvWDz02TJiiKee4stsiownEIadWm8nYzyDAyT+gKzUoZmiWQtsQ==",
      "license": "BSD-3-Clause",
      "dependencies": {
        "@lit-labs/ssr-dom-shim": "^1.0.0"
      }
    },
    "node_modules/@shelacek/ubjson": {
      "version": "1.1.1",
      "resolved": "https://registry.npmjs.org/@shelacek/ubjson/-/ubjson-1.1.1.tgz",
      "integrity": "sha512-2Vi46ct3IWzh8eAz9IZ0NulIRtJbGgJDppatJvufB0fHwasRSfklBoQrVrCutF24fSuRvTvZVebjtcIHOxvzWw==",
      "license": "MIT"
    },
    "node_modules/@slippi/slippi-js": {
      "version": "9.1.2",
      "resolved": "https://registry.npmjs.org/@slippi/slippi-js/-/slippi-js-9.1.2.tgz",
      "integrity": "sha512-8IVJWqs8kQFs5PGwDjypobEKwIumwKcF0JyNzuR1/p5kt9z26a82KEGqqysCqnt2BMbwBrFTBceuMreRV8b2Rg==",
      "license": "LGPL-3.0-or-later",
      "dependencies": {
        "@shelacek/ubjson": "^1.0.1",
        "date-fns": "^3.3.0",
        "iconv-cp932": "^1.2.2",
        "lodash": "^4.17.21",
        "semver": "^7.3.2"
      },
      "optionalDependencies": {
        "enet": "^0.2.9",
        "reconnect-core": "^1.3.0",
        "ws": ">=7.0.0"
      }
    },
    "node_modules/@slippilab/common": {
      "version": "0.0.4",
      "resolved": "https://registry.npmjs.org/@slippilab/common/-/common-0.0.4.tgz",
      "integrity": "sha512-tK1SSuGl5QEhf5F5eq+lSsBB4ZY0NT5YIh/nH4dD9O2zVFj77F5y6Z3gYkky0GR1gy6FiFpZUXOizhbh9NS//w==",
      "license": "MIT",
      "dependencies": {
        "@slippilab/parser": "0.0.4"
      }
    },
    "node_modules/@slippilab/parser": {
      "version": "0.0.4",
      "resolved": "https://registry.npmjs.org/@slippilab/parser/-/parser-0.0.4.tgz",
      "integrity": "sha512-sjgM3eBO/Qfk2OeszW6BEwg3o+TaafDygJ7lVBLMKfpWPtfUQZonMhZjrhm7KdUC7erBJnhPqLVigwt2jLhvkw==",
      "license": "MIT",
      "dependencies": {
        "@shelacek/ubjson": "^1.1.0"
      }
    },
    "node_modules/@slippilab/viewer": {
      "version": "0.0.4",
      "resolved": "https://registry.npmjs.org/@slippilab/viewer/-/viewer-0.0.4.tgz",
      "integrity": "sha512-LtjRbNfwCYeXUhkFXxw9g+a7TnsxBlLzby7paRPGCMKOU1RDSHei28un3V37YKgcLQbuYGGrOo/cjc2aw715ag==",
      "license": "MIT",
      "dependencies": {
        "@slippilab/common": "0.0.4",
        "@slippilab/parser": "0.0.4",
        "@spectrum-web-components/slider": "^0.10.8",
        "@zip.js/zip.js": "^2.3.17",
        "lit": "^2.0.0"
      }
    },
    "node_modules/@spectrum-web-components/action-button": {
      "version": "0.5.9",
      "resolved": "https://registry.npmjs.org/@spectrum-web-components/action-button/-/action-button-0.5.9.tgz",
      "integrity": "sha512-bgibfTKebKMntgSb5Hz4XwIfyu0Mobss60pXCejMFEhh9JgtBt6PRnYDbXgzvR7bfrBE05FOHYJniYrxm6SVmA==",
      "license": "Apache-2.0",
      "dependencies": {
        "@spectrum-web-components/base": "^0.4.5",
        "@spectrum-web-components/button": "^0.14.9",
        "@spectrum-web-components/icon": "^0.9.11",
        "@spectrum-web-components/icons-ui": "^0.6.11",
        "tslib": "^2.0.0"
      }
    },
    "node_modules/@spectrum-web-components/base": {
      "version": "0.4.6",
      "resolved": "https://registry.npmjs.org/@spectrum-web-components/base/-/base-0.4.6.tgz",
      "integrity": "sha512-IHDHQO4d4uSxJNw1EsAZaA53lPSnhe4ESSsU9qY25PtzLt+OJBJbcgwwO16HyjMOCBf29lc3fwak02lcfgpWUw==",
      "license": "Apache-2.0",
      "dependencies": {
        "lit-element": "^2.4.0",
        "lit-html": "^1.0.0",
        "tslib": "^2.0.0"
      }
    },
    "node_modules/@spectrum-web-components/button": {
      "version": "0.14.9",
      "resolved": "https://registry.npmjs.org/@spectrum-web-components/button/-/button-0.14.9.tgz",
      "integrity": "sha512-elsiNOhWKGAUk3BTKzT//hxK/o7VfXZliBh5qCCnN186+7AkWW7r0flBqUPAkUWoDXcYYipXglDwCtQ4BAz+Zg==",
      "license": "Apache-2.0",
      "dependencies": {
        "@spectrum-web-components/base": "^0.4.5",
        "@spectrum-web-components/icon": "^0.9.11",
        "@spectrum-web-components/icons-ui": "^0.6.11",
        "@spectrum-web-components/shared": "^0.12.9",
        "tslib": "^2.0.0"
      }
    },
    "node_modules/@spectrum-web-components/field-label": {
      "version": "0.5.9",
      "resolved": "https://registry.npmjs.org/@spectrum-web-components/field-label/-/field-label-0.5.9.tgz",
      "integrity": "sha512-InFZ38P7ofIC+0eEIy+gnvf4Pog9MCEabBnBKVUN1FeBv0d6AyhJFfEY2NT9O8faCer+d31SVHxc4RlZEijGbQ==",
      "license": "Apache-2.0",
      "dependencies": {
        "@spectrum-web-components/base": "^0.4.5",
        "@spectrum-web-components/icon": "^0.9.11",
        "@spectrum-web-components/icons-ui": "^0.6.11",
        "@spectrum-web-components/shared": "^0.12.9",
        "tslib": "^2.0.0"
      }
    },
    "node_modules/@spectrum-web-components/icon": {
      "version": "0.9.11",
      "resolved": "https://registry.npmjs.org/@spectrum-web-components/icon/-/icon-0.9.11.tgz",
      "integrity": "sha512-ML8zpMkvzi8MSSIXaKT6Yb6mDioO+AxUaSHXDamFoPP3ABZytUeGIjgRfFmOP+ofz630UvZYlqE02q5I0rCw4A==",
      "license": "Apache-2.0",
      "dependencies": {
        "@spectrum-web-components/base": "^0.4.5",
        "@spectrum-web-components/iconset": "^0.5.7",
        "tslib": "^2.0.0"
      }
    },
    "node_modules/@spectrum-web-components/icons-ui": {
      "version": "0.6.11",
      "resolved": "https://registry.npmjs.org/@spectrum-web-components/icons-ui/-/icons-ui-0.6.11.tgz",
      "integrity": "sha512-eQxkmiouSWQhz0uPbaGj06lb+FlD3QyLGrK+YETS9lgN9ptOmBXUwr61Wa74IEOxfj9fvMkRTlM4Uz1ebGm7XQ==",
      "license": "Apache-2.0",
      "dependencies": {
        "@spectrum-web-components/base": "^0.4.5",
        "@spectrum-web-components/icon": "^0.9.11",
        "@spectrum-web-components/iconset": "^0.5.7",
        "tslib": "^2.0.0"
      }
    },
    "node_modules/@spectrum-web-components/icons-workflow": {
      "version": "0.6.11",
      "resolved": "https://registry.npmjs.org/@spectrum-web-components/icons-workflow/-/icons-workflow-0.6.11.tgz",
      "integrity": "sha512-y6UG2HIXKcLAVXHRnpqWDcrmpRcZnugLMJg9aqLP6wZnWLhbfHypUQB4trSqqbn6pFpctJ6RQS/IfYWIUEdkCA==",
      "license": "Apache-2.0",
      "dependencies": {
        "@spectrum-web-components/base": "^0.4.5",
        "@spectrum-web-components/icon": "^0.9.11",
        "tslib": "^2.0.0"
      }
    },
    "node_modules/@spectrum-web-components/iconset": {
      "version": "0.5.8",
      "resolved": "https://registry.npmjs.org/@spectrum-web-components/iconset/-/iconset-0.5.8.tgz",
      "integrity": "sha512-L3BvoDRJANJZ+mbYCpZvgDDwnBsc8fgL+qIbiWshpVD08Xl2wgB20t5LRAKjmtNgXuEuLBIaggloud88KwFwlA==",
      "license": "Apache-2.0",
      "dependencies": {
        "@spectrum-web-components/base": "^0.4.6",
        "tslib": "^2.0.0"
      }
    },
    "node_modules/@spectrum-web-components/number-field": {
      "version": "0.1.10",
      "resolved": "https://registry.npmjs.org/@spectrum-web-components/number-field/-/number-field-0.1.10.tgz",
      "integrity": "sha512-fpasoIQJ5Dg+5tsU+ENoSQ5/+hQK5ivjCbxCsWTo18pCZN3aGvuC7nAZrQJcws3xgNJaaGS5vFUzwDeEHJ6fmQ==",
      "license": "Apache-2.0",
      "dependencies": {
        "@internationalized/number": "^3.0.2",
        "@spectrum-web-components/action-button": "^0.5.9",
        "@spectrum-web-components/base": "^0.4.5",
        "@spectrum-web-components/icon": "^0.9.11",
        "@spectrum-web-components/icons-ui": "^0.6.11",
        "@spectrum-web-components/textfield": "^0.8.16",
        "tslib": "^2.0.0"
      }
    },
    "node_modules/@spectrum-web-components/shared": {
      "version": "0.12.11",
      "resolved": "https://registry.npmjs.org/@spectrum-web-components/shared/-/shared-0.12.11.tgz",
      "integrity": "sha512-DrCfqnky4eNMPTPtlRa0doZS/0rkIki2nzlu5lA26Wv7wO8Oob09PhU/SaQUrC8j3P9mLTIl96hFkJsAm5JNEA==",
      "license": "Apache-2.0",
      "dependencies": {
        "@spectrum-web-components/base": "^0.4.6",
        "focus-visible": "^5.1.0",
        "tslib": "^2.0.0"
      }
    },
    "node_modules/@spectrum-web-components/slider": {
      "version": "0.10.10",
      "resolved": "https://registry.npmjs.org/@spectrum-web-components/slider/-/slider-0.10.10.tgz",
      "integrity": "sha512-htkUYBfVVo2vlMhWzn3e424oU58NOVBvi5C6hClMYQgPrLmkaBHPJE8JAaqYoClZuON/3sKTfe2VaydbDXVphw==",
      "license": "Apache-2.0",
      "dependencies": {
        "@internationalized/number": "^3.0.0",
        "@spectrum-web-components/base": "^0.4.5",
        "@spectrum-web-components/field-label": "^0.5.9",
        "@spectrum-web-components/number-field": "^0.1.10",
        "@spectrum-web-components/shared": "^0.12.9",
        "@spectrum-web-components/theme": "^0.8.14",
        "tslib": "^2.0.0"
      }
    },
    "node_modules/@spectrum-web-components/styles": {
      "version": "0.10.1",
      "resolved": "https://registry.npmjs.org/@spectrum-web-components/styles/-/styles-0.10.1.tgz",
      "integrity": "sha512-bCQDxDOW1rWM5u4c+6XietfSJAPj9Xqsofs2b6hvIBYVtZylcujMgGcMN2Lbu6pVWM3bosf2bmTb6GgtWue3fA==",
      "license": "Apache-2.0",
      "dependencies": {
        "@spectrum-web-components/base": "^0.4.6"
      }
    },
    "node_modules/@spectrum-web-components/textfield": {
      "version": "0.8.16",
      "resolved": "https://registry.npmjs.org/@spectrum-web-components/textfield/-/textfield-0.8.16.tgz",
      "integrity": "sha512-taS8N0x2Js8rhpR/8sLJgFQehzN6lE35yvph3AsnldTLhXKCuEtT7EEMLOgGbLLsKCVyJP3FxZVAFv5P7OLyZg==",
      "license": "Apache-2.0",
      "dependencies": {
        "@spectrum-web-components/base": "^0.4.5",
        "@spectrum-web-components/icon": "^0.9.11",
        "@spectrum-web-components/icons-ui": "^0.6.11",
        "@spectrum-web-components/icons-workflow": "^0.6.11",
        "@spectrum-web-components/shared": "^0.12.9",
        "tslib": "^2.0.0"
      }
    },
    "node_modules/@spectrum-web-components/theme": {
      "version": "0.8.16",
      "resolved": "https://registry.npmjs.org/@spectrum-web-components/theme/-/theme-0.8.16.tgz",
      "integrity": "sha512-blAdgjeI/0yLC8+UkjIZc8j2TQ6KdMtSvld/WoobZ9tlTSfKkYYETTyPU4Z9iwdPLFOMo6TsDpd248EnWl7EOw==",
      "license": "ISC",
      "dependencies": {
        "@spectrum-web-components/base": "^0.4.6",
        "@spectrum-web-components/styles": "^0.10.1",
        "tslib": "^2.0.0"
      }
    },
    "node_modules/@swc/helpers": {
      "version": "0.5.23",
      "resolved": "https://registry.npmjs.org/@swc/helpers/-/helpers-0.5.23.tgz",
      "integrity": "sha512-5lSsMOTXURePglDfvuAQUqkGek9Hg2kksOYay2m0+XR++b2NWYL/4sWyuvVBIs8oKnJaxkdi9whaL/sqN13afw==",
      "license": "Apache-2.0",
      "dependencies": {
        "tslib": "^2.8.0"
      }
    },
    "node_modules/@types/adm-zip": {
      "version": "0.5.8",
      "resolved": "https://registry.npmjs.org/@types/adm-zip/-/adm-zip-0.5.8.tgz",
      "integrity": "sha512-RVVH7QvZYbN+ihqZ4kX/dMiowf6o+Jk1fNwiSdx0NahBJLU787zkULhGhJM8mf/obmLGmgdMM0bXsQTmyfbR7Q==",
      "dev": true,
      "license": "MIT",
      "dependencies": {
        "@types/node": "*"
      }
    },
    "node_modules/@types/node": {
      "version": "26.1.0",
      "resolved": "https://registry.npmjs.org/@types/node/-/node-26.1.0.tgz",
      "integrity": "sha512-O0A1G3xPGy4w7AgQdAQYUlQ+BKk2Oovw8eRpofyp5KdBZULnbe+WqaOVNrm705SHphCiG4XHsACrSmPu1f+Kgw==",
      "dev": true,
      "license": "MIT",
      "dependencies": {
        "undici-types": "~8.3.0"
      }
    },
    "node_modules/@types/trusted-types": {
      "version": "2.0.7",
      "resolved": "https://registry.npmjs.org/@types/trusted-types/-/trusted-types-2.0.7.tgz",
      "integrity": "sha512-ScaPdn1dQczgbl0QFTeTOmVHFULt394XJgOQNoyVhZ6r2vLnMLJfBPd53SB52T/3G36VI1/g2MZaX0cwDuXsfw==",
      "license": "MIT"
    },
    "node_modules/@zip.js/zip.js": {
      "version": "2.8.26",
      "resolved": "https://registry.npmjs.org/@zip.js/zip.js/-/zip.js-2.8.26.tgz",
      "integrity": "sha512-RQ4h9F6DOiHxpdocUDrOl6xBM+yOtz+LkUol47AVWcfebGBDpZ7w7Xvz9PS24JgXvLGiXXzSAfdCdVy1tPlaFA==",
      "license": "BSD-3-Clause",
      "engines": {
        "bun": ">=0.7.0",
        "deno": ">=1.0.0",
        "node": ">=18.0.0"
      }
    },
    "node_modules/adm-zip": {
      "version": "0.6.0",
      "resolved": "https://registry.npmjs.org/adm-zip/-/adm-zip-0.6.0.tgz",
      "integrity": "sha512-XleryMhbuksdKtofnWZ9Sk+4CUTbms4Mb/EU32SZwToAyZ5RgVos/ki8n+yr0LWHOGKuakbXTuuYNHLQjhddgg==",
      "license": "MIT",
      "engines": {
        "node": ">=14.0"
      }
    },
    "node_modules/backoff": {
      "version": "2.5.0",
      "resolved": "https://registry.npmjs.org/backoff/-/backoff-2.5.0.tgz",
      "integrity": "sha512-wC5ihrnUXmR2douXmXLCe5O3zg3GKIyvRi/hi58a/XyRxVI+3/yM0PYueQOZXPXQ9pxBislYkw+sF9b7C/RuMA==",
      "license": "MIT",
      "optional": true,
      "dependencies": {
        "precond": "0.2"
      },
      "engines": {
        "node": ">= 0.6"
      }
    },
    "node_modules/date-fns": {
      "version": "3.6.0",
      "resolved": "https://registry.npmjs.org/date-fns/-/date-fns-3.6.0.tgz",
      "integrity": "sha512-fRHTG8g/Gif+kSh50gaGEdToemgfj74aRX3swtiouboip5JDLAyDE9F11nHMIcvOaXeOC6D7SpNhi7uFyB7Uww==",
      "license": "MIT",
      "funding": {
        "type": "github",
        "url": "https://github.com/sponsors/kossnocorp"
      }
    },
    "node_modules/enet": {
      "version": "0.2.9",
      "resolved": "https://registry.npmjs.org/enet/-/enet-0.2.9.tgz",
      "integrity": "sha512-V3qaPJEHY1Bl9F1nEY4thQV2fKkwS+I8Xpss4/91Hyi6JHagB7Ur6bROyVp4wqO74cPbF0ptgyyYh0L0Sky4Lw==",
      "license": "MIT",
      "optional": true
    },
    "node_modules/esbuild": {
      "version": "0.28.1",
      "resolved": "https://registry.npmjs.org/esbuild/-/esbuild-0.28.1.tgz",
      "integrity": "sha512-HrJrvZv5ayxBzPfwphOoNzkzOIIlifzk0KJrGK2c8R4+LKpMtpYLQeUdjnwjWv/LZlkH2laZk+4w78pi99D4Vw==",
      "dev": true,
      "hasInstallScript": true,
      "license": "MIT",
      "bin": {
        "esbuild": "bin/esbuild"
      },
      "engines": {
        "node": ">=18"
      },
      "optionalDependencies": {
        "@esbuild/aix-ppc64": "0.28.1",
        "@esbuild/android-arm": "0.28.1",
        "@esbuild/android-arm64": "0.28.1",
        "@esbuild/android-x64": "0.28.1",
        "@esbuild/darwin-arm64": "0.28.1",
        "@esbuild/darwin-x64": "0.28.1",
        "@esbuild/freebsd-arm64": "0.28.1",
        "@esbuild/freebsd-x64": "0.28.1",
        "@esbuild/linux-arm": "0.28.1",
        "@esbuild/linux-arm64": "0.28.1",
        "@esbuild/linux-ia32": "0.28.1",
        "@esbuild/linux-loong64": "0.28.1",
        "@esbuild/linux-mips64el": "0.28.1",
        "@esbuild/linux-ppc64": "0.28.1",
        "@esbuild/linux-riscv64": "0.28.1",
        "@esbuild/linux-s390x": "0.28.1",
        "@esbuild/linux-x64": "0.28.1",
        "@esbuild/netbsd-arm64": "0.28.1",
        "@esbuild/netbsd-x64": "0.28.1",
        "@esbuild/openbsd-arm64": "0.28.1",
        "@esbuild/openbsd-x64": "0.28.1",
        "@esbuild/openharmony-arm64": "0.28.1",
        "@esbuild/sunos-x64": "0.28.1",
        "@esbuild/win32-arm64": "0.28.1",
        "@esbuild/win32-ia32": "0.28.1",
        "@esbuild/win32-x64": "0.28.1"
      }
    },
    "node_modules/focus-visible": {
      "version": "5.2.1",
      "resolved": "https://registry.npmjs.org/focus-visible/-/focus-visible-5.2.1.tgz",
      "integrity": "sha512-8Bx950VD1bWTQJEH/AM6SpEk+SU55aVnp4Ujhuuxy3eMEBCRwBnTBnVXr9YAPvZL3/CNjCa8u4IWfNmEO53whA==",
      "license": "W3C"
    },
    "node_modules/fsevents": {
      "version": "2.3.3",
      "resolved": "https://registry.npmjs.org/fsevents/-/fsevents-2.3.3.tgz",
      "integrity": "sha512-5xoDfX+fL7faATnagmWPpbFtwh/R77WmMMqqHGS65C3vvB0YHrgF+B1YmZ3441tMj5n63k0212XNoJwzlhffQw==",
      "dev": true,
      "hasInstallScript": true,
      "license": "MIT",
      "optional": true,
      "os": [
        "darwin"
      ],
      "engines": {
        "node": "^8.16.0 || ^10.6.0 || >=11.0.0"
      }
    },
    "node_modules/iconv-cp932": {
      "version": "1.2.2",
      "resolved": "https://registry.npmjs.org/iconv-cp932/-/iconv-cp932-1.2.2.tgz",
      "integrity": "sha512-vUP4Ke0Xy3bInEjSsKtKq51KeXK7nglt9uvRVYhJrlUBlMKa2R1EBDE88HFXzm8Wp5J1w83psrISj0f+QMEt4g==",
      "license": "MIT"
    },
    "node_modules/lit": {
      "version": "2.8.0",
      "resolved": "https://registry.npmjs.org/lit/-/lit-2.8.0.tgz",
      "integrity": "sha512-4Sc3OFX9QHOJaHbmTMk28SYgVxLN3ePDjg7hofEft2zWlehFL3LiAuapWc4U/kYwMYJSh2hTCPZ6/LIC7ii0MA==",
      "license": "BSD-3-Clause",
      "dependencies": {
        "@lit/reactive-element": "^1.6.0",
        "lit-element": "^3.3.0",
        "lit-html": "^2.8.0"
      }
    },
    "node_modules/lit-element": {
      "version": "2.5.1",
      "resolved": "https://registry.npmjs.org/lit-element/-/lit-element-2.5.1.tgz",
      "integrity": "sha512-ogu7PiJTA33bEK0xGu1dmaX5vhcRjBXCFexPja0e7P7jqLhTpNKYRPmE+GmiCaRVAbiQKGkUgkh/i6+bh++dPQ==",
      "license": "BSD-3-Clause",
      "dependencies": {
        "lit-html": "^1.1.1"
      }
    },
    "node_modules/lit-html": {
      "version": "1.4.1",
      "resolved": "https://registry.npmjs.org/lit-html/-/lit-html-1.4.1.tgz",
      "integrity": "sha512-B9btcSgPYb1q4oSOb/PrOT6Z/H+r6xuNzfH4lFli/AWhYwdtrgQkQWBbIc6mdnf6E2IL3gDXdkkqNktpU0OZQA==",
      "license": "BSD-3-Clause"
    },
    "node_modules/lit/node_modules/lit-element": {
      "version": "3.3.3",
      "resolved": "https://registry.npmjs.org/lit-element/-/lit-element-3.3.3.tgz",
      "integrity": "sha512-XbeRxmTHubXENkV4h8RIPyr8lXc+Ff28rkcQzw3G6up2xg5E8Zu1IgOWIwBLEQsu3cOVFqdYwiVi0hv0SlpqUA==",
      "license": "BSD-3-Clause",
      "dependencies": {
        "@lit-labs/ssr-dom-shim": "^1.1.0",
        "@lit/reactive-element": "^1.3.0",
        "lit-html": "^2.8.0"
      }
    },
    "node_modules/lit/node_modules/lit-html": {
      "version": "2.8.0",
      "resolved": "https://registry.npmjs.org/lit-html/-/lit-html-2.8.0.tgz",
      "integrity": "sha512-o9t+MQM3P4y7M7yNzqAyjp7z+mQGa4NS4CxiyLqFPyFWyc4O+nodLrkrxSaCTrla6M5YOLaT3RpbbqjszB5g3Q==",
      "license": "BSD-3-Clause",
      "dependencies": {
        "@types/trusted-types": "^2.0.2"
      }
    },
    "node_modules/lodash": {
      "version": "4.18.1",
      "resolved": "https://registry.npmjs.org/lodash/-/lodash-4.18.1.tgz",
      "integrity": "sha512-dMInicTPVE8d1e5otfwmmjlxkZoUpiVLwyeTdUsi/Caj/gfzzblBcCE5sRHV/AsjuCmxWrte2TNGSYuCeCq+0Q==",
      "license": "MIT"
    },
    "node_modules/precond": {
      "version": "0.2.3",
      "resolved": "https://registry.npmjs.org/precond/-/precond-0.2.3.tgz",
      "integrity": "sha512-QCYG84SgGyGzqJ/vlMsxeXd/pgL/I94ixdNFyh1PusWmTCyVfPJjZ1K1jvHtsbfnXQs2TSkEP2fR7QiMZAnKFQ==",
      "optional": true,
      "engines": {
        "node": ">= 0.6"
      }
    },
    "node_modules/reconnect-core": {
      "version": "1.3.0",
      "resolved": "https://registry.npmjs.org/reconnect-core/-/reconnect-core-1.3.0.tgz",
      "integrity": "sha512-+gLKwmyRf2tjl6bLR03DoeWELzyN6LW9Xgr3vh7NXHHwPi0JC0N2TwPyf90oUEBkCRcD+bgQ+s3HORoG3nwHDg==",
      "license": "MIT",
      "optional": true,
      "dependencies": {
        "backoff": "~2.5.0"
      }
    },
    "node_modules/semver": {
      "version": "7.8.5",
      "resolved": "https://registry.npmjs.org/semver/-/semver-7.8.5.tgz",
      "integrity": "sha512-Y7/KDsb8LjooZpwaqGyulO6DQlksgCncchHGk+sZIY4SBvUocMBEFH5Ur1fI4dV+Jvl0w6cjvucaIi40puRioA==",
      "license": "ISC",
      "bin": {
        "semver": "bin/semver.js"
      },
      "engines": {
        "node": ">=10"
      }
    },
    "node_modules/tslib": {
      "version": "2.8.1",
      "resolved": "https://registry.npmjs.org/tslib/-/tslib-2.8.1.tgz",
      "integrity": "sha512-oJFu94HQb+KVduSUQL7wnpmqnfmLsOA/nAh6b6EH0wCEoK0/mPeXU6c3wKDV83MkOuHPRHtSXKKU99IBazS/2w==",
      "license": "0BSD"
    },
    "node_modules/tsx": {
      "version": "4.23.0",
      "resolved": "https://registry.npmjs.org/tsx/-/tsx-4.23.0.tgz",
      "integrity": "sha512-eUdUIaCr963q2h5u3+QwvYp0+eqPvn+egeqZUm0hwERCqqx1E3kK5ehbGCvqSE5MQAULr67ww0cA3jKc3YkM1w==",
      "dev": true,
      "license": "MIT",
      "dependencies": {
        "esbuild": "~0.28.0"
      },
      "bin": {
        "tsx": "dist/cli.mjs"
      },
      "engines": {
        "node": ">=18.0.0"
      },
      "optionalDependencies": {
        "fsevents": "~2.3.3"
      }
    },
    "node_modules/typescript": {
      "version": "6.0.3",
      "resolved": "https://registry.npmjs.org/typescript/-/typescript-6.0.3.tgz",
      "integrity": "sha512-y2TvuxSZPDyQakkFRPZHKFm+KKVqIisdg9/CZwm9ftvKXLP8NRWj38/ODjNbr43SsoXqNuAisEf1GdCxqWcdBw==",
      "dev": true,
      "license": "Apache-2.0",
      "bin": {
        "tsc": "bin/tsc",
        "tsserver": "bin/tsserver"
      },
      "engines": {
        "node": ">=14.17"
      }
    },
    "node_modules/undici-types": {
      "version": "8.3.0",
      "resolved": "https://registry.npmjs.org/undici-types/-/undici-types-8.3.0.tgz",
      "integrity": "sha512-j375ScV60dom+YkPFIfTLcOiPxkN/buHz5GobjLhixFuANaNs3C9l4GmrWqejgXWJ7BbJcFYpTEUkS1Ge8bpZQ==",
      "dev": true,
      "license": "MIT"
    },
    "node_modules/ws": {
      "version": "8.21.0",
      "resolved": "https://registry.npmjs.org/ws/-/ws-8.21.0.tgz",
      "integrity": "sha512-Vsp28b7DRcimFQvrqu2Wek3z1iYxDCWqHYB8Qsnk/S4RfaCQzPGPyBNuVjJV3cd6UiKtUtp6sNM77gWvzcCH+g==",
      "license": "MIT",
      "optional": true,
      "engines": {
        "node": ">=10.0.0"
      },
      "peerDependencies": {
        "bufferutil": "^4.0.1",
        "utf-8-validate": ">=5.0.2"
      },
      "peerDependenciesMeta": {
        "bufferutil": {
          "optional": true
        },
        "utf-8-validate": {
          "optional": true
        }
      }
    }
  }
}
